// !$*UTF8*$!
{
	archiveVersion = 1;
	classes = {
	};
	objectVersion = 46;
	objects = {

/* Begin PBXBuildFile section */
		AF1878D214ECD4350033A7C3 /* UIKit.framework in Frameworks */ = {isa = PBXBuildFile; fileRef = AF1878D114ECD4350033A7C3 /* UIKit.framework */; };
		AF1878D414ECD4350033A7C3 /* Foundation.framework in Frameworks */ = {isa = PBXBuildFile; fileRef = AF1878D314ECD4350033A7C3 /* Foundation.framework */; };
		AF1878D614ECD4350033A7C3 /* CoreGraphics.framework in Frameworks */ = {isa = PBXBuildFile; fileRef = AF1878D514ECD4350033A7C3 /* CoreGraphics.framework */; };
		AF1878DC14ECD4350033A7C3 /* InfoPlist.strings in Resources */ = {isa = PBXBuildFile; fileRef = AF1878DA14ECD4350033A7C3 /* InfoPlist.strings */; };
		AF1878DE14ECD4350033A7C3 /* main.m in Sources */ = {isa = PBXBuildFile; fileRef = AF1878DD14ECD4350033A7C3 /* main.m */; };
		AF1878E214ECD4350033A7C3 /* AppDelegate.m in Sources */ = {isa = PBXBuildFile; fileRef = AF1878E114ECD4350033A7C3 /* AppDelegate.m */; };
		AF1878F014ECD4350033A7C3 /* SenTestingKit.framework in Frameworks */ = {isa = PBXBuildFile; fileRef = AF1878EF14ECD4350033A7C3 /* SenTestingKit.framework */; };
		AF1878F114ECD4350033A7C3 /* UIKit.framework in Frameworks */ = {isa = PBXBuildFile; fileRef = AF1878D114ECD4350033A7C3 /* UIKit.framework */; };
		AF1878F214ECD4350033A7C3 /* Foundation.framework in Frameworks */ = {isa = PBXBuildFile; fileRef = AF1878D314ECD4350033A7C3 /* Foundation.framework */; };
		AF1878FA14ECD4350033A7C3 /* InfoPlist.strings in Resources */ = {isa = PBXBuildFile; fileRef = AF1878F814ECD4350033A7C3 /* InfoPlist.strings */; };
		AF1878FD14ECD4350033A7C3 /* DialerTests.m in Sources */ = {isa = PBXBuildFile; fileRef = AF1878FC14ECD4350033A7C3 /* DialerTests.m */; };
		AF18790914ECD4EE0033A7C3 /* ContactsViewController.m in Sources */ = {isa = PBXBuildFile; fileRef = AF18790714ECD4EE0033A7C3 /* ContactsViewController.m */; };
		AF18792214ECE8AB0033A7C3 /* AddressBook.framework in Frameworks */ = {isa = PBXBuildFile; fileRef = AF18792114ECE8AB0033A7C3 /* AddressBook.framework */; };
		AF2EC0C714EE180D00E21302 /* PersonContainer.m in Sources */ = {isa = PBXBuildFile; fileRef = AF2EC0C614EE180D00E21302 /* PersonContainer.m */; };
		AF2EC0CE14EE2CC800E21302 /* CallButtonDelegate.m in Sources */ = {isa = PBXBuildFile; fileRef = AF2EC0CD14EE2CC700E21302 /* CallButtonDelegate.m */; };
		AF472EE5151EAC980058E7A5 /* DialingViewController.m in Sources */ = {isa = PBXBuildFile; fileRef = AF472EE4151EAC980058E7A5 /* DialingViewController.m */; };
		AF5A0B931516B48000A6B3A9 /* Constants.m in Sources */ = {isa = PBXBuildFile; fileRef = AF5A0B921516B48000A6B3A9 /* Constants.m */; };
		AF5A0BEE1519A04400A6B3A9 /* Security.framework in Frameworks */ = {isa = PBXBuildFile; fileRef = AF5A0BED1519A04400A6B3A9 /* Security.framework */; };
		AF5A0BF11519A43900A6B3A9 /* KeychainItemWrapper.m in Sources */ = {isa = PBXBuildFile; fileRef = AF5A0BF01519A43900A6B3A9 /* KeychainItemWrapper.m */; };
		AF5A0BF21519A43900A6B3A9 /* KeychainItemWrapper.m in Sources */ = {isa = PBXBuildFile; fileRef = AF5A0BF01519A43900A6B3A9 /* KeychainItemWrapper.m */; };
		AF5A0BF51519B15100A6B3A9 /* SecureData.m in Sources */ = {isa = PBXBuildFile; fileRef = AF5A0BF41519B15000A6B3A9 /* SecureData.m */; };
		AF5A0BF61519B15100A6B3A9 /* SecureData.m in Sources */ = {isa = PBXBuildFile; fileRef = AF5A0BF41519B15000A6B3A9 /* SecureData.m */; };
		AF5A0BFA1519B52900A6B3A9 /* LoginInfoViewController.m in Sources */ = {isa = PBXBuildFile; fileRef = AF5A0BF91519B52900A6B3A9 /* LoginInfoViewController.m */; };
		AF5A0BFB1519B52900A6B3A9 /* LoginInfoViewController.m in Sources */ = {isa = PBXBuildFile; fileRef = AF5A0BF91519B52900A6B3A9 /* LoginInfoViewController.m */; };
		AF643A94153BAC350041B7D1 /* OCHamcrestIOS.framework in Frameworks */ = {isa = PBXBuildFile; fileRef = AF643A93153BAC350041B7D1 /* OCHamcrestIOS.framework */; };
		AF643A97153BAC620041B7D1 /* libOCMock.a in Frameworks */ = {isa = PBXBuildFile; fileRef = AF643A96153BAC620041B7D1 /* libOCMock.a */; };
		AF7A5ADB15328EEC000FBDDB /* DialContactDelegate.m in Sources */ = {isa = PBXBuildFile; fileRef = AF7A5ADA15328EEC000FBDDB /* DialContactDelegate.m */; };
		AF7A5ADC15328EEC000FBDDB /* DialContactDelegate.m in Sources */ = {isa = PBXBuildFile; fileRef = AF7A5ADA15328EEC000FBDDB /* DialContactDelegate.m */; };
		AF8D29A914EE4E71006FF1C9 /* ToggleImageControl.m in Sources */ = {isa = PBXBuildFile; fileRef = AF8D29A814EE4E71006FF1C9 /* ToggleImageControl.m */; };
		AF8D29B114EE574A006FF1C9 /* AddressBookContainer.m in Sources */ = {isa = PBXBuildFile; fileRef = AF8D29AC14EE574A006FF1C9 /* AddressBookContainer.m */; };
		AF8D29B214EE574A006FF1C9 /* ContactListContainer.m in Sources */ = {isa = PBXBuildFile; fileRef = AF8D29AE14EE574A006FF1C9 /* ContactListContainer.m */; };
		AF8D29B314EE574A006FF1C9 /* PersonViewController.m in Sources */ = {isa = PBXBuildFile; fileRef = AF8D29B014EE574A006FF1C9 /* PersonViewController.m */; };
		AF8D29B714EE59E7006FF1C9 /* box.png in Resources */ = {isa = PBXBuildFile; fileRef = AF8D29B514EE59E7006FF1C9 /* box.png */; };
		AF8D29BA14EE5A33006FF1C9 /* WithCheckMark.png in Resources */ = {isa = PBXBuildFile; fileRef = AF8D29B914EE5A33006FF1C9 /* WithCheckMark.png */; };
		AF8D29BD14EED78C006FF1C9 /* ToggleDelegate.m in Sources */ = {isa = PBXBuildFile; fileRef = AF8D29BC14EED78C006FF1C9 /* ToggleDelegate.m */; };
		AF8D29C014EEDD18006FF1C9 /* FavoritesListDelegate.m in Sources */ = {isa = PBXBuildFile; fileRef = AF8D29BF14EEDD17006FF1C9 /* FavoritesListDelegate.m */; };
/* End PBXBuildFile section */

/* Begin PBXContainerItemProxy section */
		AF1878F314ECD4350033A7C3 /* PBXContainerItemProxy */ = {
			isa = PBXContainerItemProxy;
			containerPortal = AF1878C414ECD4350033A7C3 /* Project object */;
			proxyType = 1;
			remoteGlobalIDString = AF1878CC14ECD4350033A7C3;
			remoteInfo = Dialer;
		};
/* End PBXContainerItemProxy section */

/* Begin PBXFileReference section */
		AF1878CD14ECD4350033A7C3 /* Dialer.app */ = {isa = PBXFileReference; explicitFileType = wrapper.application; includeInIndex = 0; path = Dialer.app; sourceTree = BUILT_PRODUCTS_DIR; };
		AF1878D114ECD4350033A7C3 /* UIKit.framework */ = {isa = PBXFileReference; lastKnownFileType = wrapper.framework; name = UIKit.framework; path = System/Library/Frameworks/UIKit.framework; sourceTree = SDKROOT; };
		AF1878D314ECD4350033A7C3 /* Foundation.framework */ = {isa = PBXFileReference; lastKnownFileType = wrapper.framework; name = Foundation.framework; path = System/Library/Frameworks/Foundation.framework; sourceTree = SDKROOT; };
		AF1878D514ECD4350033A7C3 /* CoreGraphics.framework */ = {isa = PBXFileReference; lastKnownFileType = wrapper.framework; name = CoreGraphics.framework; path = System/Library/Frameworks/CoreGraphics.framework; sourceTree = SDKROOT; };
		AF1878D914ECD4350033A7C3 /* Dialer-Info.plist */ = {isa = PBXFileReference; lastKnownFileType = text.plist.xml; path = "Dialer-Info.plist"; sourceTree = "<group>"; };
		AF1878DB14ECD4350033A7C3 /* en */ = {isa = PBXFileReference; lastKnownFileType = text.plist.strings; name = en; path = en.lproj/InfoPlist.strings; sourceTree = "<group>"; };
		AF1878DD14ECD4350033A7C3 /* main.m */ = {isa = PBXFileReference; lastKnownFileType = sourcecode.c.objc; path = main.m; sourceTree = "<group>"; };
		AF1878DF14ECD4350033A7C3 /* Dialer-Prefix.pch */ = {isa = PBXFileReference; lastKnownFileType = sourcecode.c.h; path = "Dialer-Prefix.pch"; sourceTree = "<group>"; };
		AF1878E014ECD4350033A7C3 /* AppDelegate.h */ = {isa = PBXFileReference; lastKnownFileType = sourcecode.c.h; path = AppDelegate.h; sourceTree = "<group>"; };
		AF1878E114ECD4350033A7C3 /* AppDelegate.m */ = {isa = PBXFileReference; lastKnownFileType = sourcecode.c.objc; path = AppDelegate.m; sourceTree = "<group>"; };
		AF1878EE14ECD4350033A7C3 /* DialerTests.octest */ = {isa = PBXFileReference; explicitFileType = wrapper.cfbundle; includeInIndex = 0; path = DialerTests.octest; sourceTree = BUILT_PRODUCTS_DIR; };
		AF1878EF14ECD4350033A7C3 /* SenTestingKit.framework */ = {isa = PBXFileReference; lastKnownFileType = wrapper.framework; name = SenTestingKit.framework; path = Library/Frameworks/SenTestingKit.framework; sourceTree = DEVELOPER_DIR; };
		AF1878F714ECD4350033A7C3 /* DialerTests-Info.plist */ = {isa = PBXFileReference; lastKnownFileType = text.plist.xml; path = "DialerTests-Info.plist"; sourceTree = "<group>"; };
		AF1878F914ECD4350033A7C3 /* en */ = {isa = PBXFileReference; lastKnownFileType = text.plist.strings; name = en; path = en.lproj/InfoPlist.strings; sourceTree = "<group>"; };
		AF1878FB14ECD4350033A7C3 /* DialerTests.h */ = {isa = PBXFileReference; lastKnownFileType = sourcecode.c.h; path = DialerTests.h; sourceTree = "<group>"; };
		AF1878FC14ECD4350033A7C3 /* DialerTests.m */ = {isa = PBXFileReference; lastKnownFileType = sourcecode.c.objc; path = DialerTests.m; sourceTree = "<group>"; };
		AF18790614ECD4EE0033A7C3 /* ContactsViewController.h */ = {isa = PBXFileReference; fileEncoding = 4; lastKnownFileType = sourcecode.c.h; path = ContactsViewController.h; sourceTree = "<group>"; };
		AF18790714ECD4EE0033A7C3 /* ContactsViewController.m */ = {isa = PBXFileReference; fileEncoding = 4; lastKnownFileType = sourcecode.c.objc; path = ContactsViewController.m; sourceTree = "<group>"; };
		AF18792114ECE8AB0033A7C3 /* AddressBook.framework */ = {isa = PBXFileReference; lastKnownFileType = wrapper.framework; name = AddressBook.framework; path = System/Library/Frameworks/AddressBook.framework; sourceTree = SDKROOT; };
		AF2EC0C514EE180D00E21302 /* PersonContainer.h */ = {isa = PBXFileReference; fileEncoding = 4; lastKnownFileType = sourcecode.c.h; path = PersonContainer.h; sourceTree = "<group>"; };
		AF2EC0C614EE180D00E21302 /* PersonContainer.m */ = {isa = PBXFileReference; fileEncoding = 4; lastKnownFileType = sourcecode.c.objc; path = PersonContainer.m; sourceTree = "<group>"; };
		AF2EC0CC14EE2CC700E21302 /* CallButtonDelegate.h */ = {isa = PBXFileReference; fileEncoding = 4; lastKnownFileType = sourcecode.c.h; path = CallButtonDelegate.h; sourceTree = "<group>"; };
		AF2EC0CD14EE2CC700E21302 /* CallButtonDelegate.m */ = {isa = PBXFileReference; fileEncoding = 4; lastKnownFileType = sourcecode.c.objc; path = CallButtonDelegate.m; sourceTree = "<group>"; };
		AF472EE3151EAC980058E7A5 /* DialingViewController.h */ = {isa = PBXFileReference; fileEncoding = 4; lastKnownFileType = sourcecode.c.h; path = DialingViewController.h; sourceTree = "<group>"; };
		AF472EE4151EAC980058E7A5 /* DialingViewController.m */ = {isa = PBXFileReference; fileEncoding = 4; lastKnownFileType = sourcecode.c.objc; path = DialingViewController.m; sourceTree = "<group>"; };
		AF5A0B911516B48000A6B3A9 /* Constants.h */ = {isa = PBXFileReference; fileEncoding = 4; lastKnownFileType = sourcecode.c.h; path = Constants.h; sourceTree = "<group>"; };
		AF5A0B921516B48000A6B3A9 /* Constants.m */ = {isa = PBXFileReference; fileEncoding = 4; lastKnownFileType = sourcecode.c.objc; path = Constants.m; sourceTree = "<group>"; };
		AF5A0BED1519A04400A6B3A9 /* Security.framework */ = {isa = PBXFileReference; lastKnownFileType = wrapper.framework; name = Security.framework; path = System/Library/Frameworks/Security.framework; sourceTree = SDKROOT; };
		AF5A0BEF1519A43900A6B3A9 /* KeychainItemWrapper.h */ = {isa = PBXFileReference; fileEncoding = 4; lastKnownFileType = sourcecode.c.h; path = KeychainItemWrapper.h; sourceTree = "<group>"; };
		AF5A0BF01519A43900A6B3A9 /* KeychainItemWrapper.m */ = {isa = PBXFileReference; fileEncoding = 4; lastKnownFileType = sourcecode.c.objc; path = KeychainItemWrapper.m; sourceTree = "<group>"; };
		AF5A0BF31519B15000A6B3A9 /* SecureData.h */ = {isa = PBXFileReference; fileEncoding = 4; lastKnownFileType = sourcecode.c.h; path = SecureData.h; sourceTree = "<group>"; };
		AF5A0BF41519B15000A6B3A9 /* SecureData.m */ = {isa = PBXFileReference; fileEncoding = 4; lastKnownFileType = sourcecode.c.objc; path = SecureData.m; sourceTree = "<group>"; };
		AF5A0BF81519B52900A6B3A9 /* LoginInfoViewController.h */ = {isa = PBXFileReference; fileEncoding = 4; lastKnownFileType = sourcecode.c.h; path = LoginInfoViewController.h; sourceTree = "<group>"; };
		AF5A0BF91519B52900A6B3A9 /* LoginInfoViewController.m */ = {isa = PBXFileReference; fileEncoding = 4; lastKnownFileType = sourcecode.c.objc; path = LoginInfoViewController.m; sourceTree = "<group>"; };
		AF643A93153BAC350041B7D1 /* OCHamcrestIOS.framework */ = {isa = PBXFileReference; lastKnownFileType = wrapper.framework; name = OCHamcrestIOS.framework; path = Frameworks/OCHamcrestIOS.framework; sourceTree = "<group>"; };
		AF643A96153BAC620041B7D1 /* libOCMock.a */ = {isa = PBXFileReference; lastKnownFileType = archive.ar; name = libOCMock.a; path = usr/lib/libOCMock.a; sourceTree = "<group>"; };
		AF7A5AD915328EEC000FBDDB /* DialContactDelegate.h */ = {isa = PBXFileReference; fileEncoding = 4; lastKnownFileType = sourcecode.c.h; path = DialContactDelegate.h; sourceTree = "<group>"; };
		AF7A5ADA15328EEC000FBDDB /* DialContactDelegate.m */ = {isa = PBXFileReference; fileEncoding = 4; lastKnownFileType = sourcecode.c.objc; path = DialContactDelegate.m; sourceTree = "<group>"; };
		AF8D29A714EE4E71006FF1C9 /* ToggleImageControl.h */ = {isa = PBXFileReference; fileEncoding = 4; lastKnownFileType = sourcecode.c.h; path = ToggleImageControl.h; sourceTree = "<group>"; };
		AF8D29A814EE4E71006FF1C9 /* ToggleImageControl.m */ = {isa = PBXFileReference; fileEncoding = 4; lastKnownFileType = sourcecode.c.objc; path = ToggleImageControl.m; sourceTree = "<group>"; };
		AF8D29AB14EE5749006FF1C9 /* AddressBookContainer.h */ = {isa = PBXFileReference; fileEncoding = 4; lastKnownFileType = sourcecode.c.h; path = AddressBookContainer.h; sourceTree = "<group>"; };
		AF8D29AC14EE574A006FF1C9 /* AddressBookContainer.m */ = {isa = PBXFileReference; fileEncoding = 4; lastKnownFileType = sourcecode.c.objc; path = AddressBookContainer.m; sourceTree = "<group>"; };
		AF8D29AD14EE574A006FF1C9 /* ContactListContainer.h */ = {isa = PBXFileReference; fileEncoding = 4; lastKnownFileType = sourcecode.c.h; path = ContactListContainer.h; sourceTree = "<group>"; };
		AF8D29AE14EE574A006FF1C9 /* ContactListContainer.m */ = {isa = PBXFileReference; fileEncoding = 4; lastKnownFileType = sourcecode.c.objc; path = ContactListContainer.m; sourceTree = "<group>"; };
		AF8D29AF14EE574A006FF1C9 /* PersonViewController.h */ = {isa = PBXFileReference; fileEncoding = 4; lastKnownFileType = sourcecode.c.h; path = PersonViewController.h; sourceTree = "<group>"; };
		AF8D29B014EE574A006FF1C9 /* PersonViewController.m */ = {isa = PBXFileReference; fileEncoding = 4; lastKnownFileType = sourcecode.c.objc; path = PersonViewController.m; sourceTree = "<group>"; };
		AF8D29B514EE59E7006FF1C9 /* box.png */ = {isa = PBXFileReference; lastKnownFileType = image.png; path = box.png; sourceTree = "<group>"; };
		AF8D29B914EE5A33006FF1C9 /* WithCheckMark.png */ = {isa = PBXFileReference; lastKnownFileType = image.png; path = WithCheckMark.png; sourceTree = "<group>"; };
		AF8D29BB14EED78C006FF1C9 /* ToggleDelegate.h */ = {isa = PBXFileReference; fileEncoding = 4; lastKnownFileType = sourcecode.c.h; path = ToggleDelegate.h; sourceTree = "<group>"; };
		AF8D29BC14EED78C006FF1C9 /* ToggleDelegate.m */ = {isa = PBXFileReference; fileEncoding = 4; lastKnownFileType = sourcecode.c.objc; path = ToggleDelegate.m; sourceTree = "<group>"; };
		AF8D29BE14EEDD17006FF1C9 /* FavoritesListDelegate.h */ = {isa = PBXFileReference; fileEncoding = 4; lastKnownFileType = sourcecode.c.h; path = FavoritesListDelegate.h; sourceTree = "<group>"; };
		AF8D29BF14EEDD17006FF1C9 /* FavoritesListDelegate.m */ = {isa = PBXFileReference; fileEncoding = 4; lastKnownFileType = sourcecode.c.objc; path = FavoritesListDelegate.m; sourceTree = "<group>"; };
/* End PBXFileReference section */

/* Begin PBXFrameworksBuildPhase section */
		AF1878CA14ECD4350033A7C3 /* Frameworks */ = {
			isa = PBXFrameworksBuildPhase;
			buildActionMask = 2147483647;
			files = (
				AF643A97153BAC620041B7D1 /* libOCMock.a in Frameworks */,
				AF643A94153BAC350041B7D1 /* OCHamcrestIOS.framework in Frameworks */,
				AF5A0BEE1519A04400A6B3A9 /* Security.framework in Frameworks */,
				AF18792214ECE8AB0033A7C3 /* AddressBook.framework in Frameworks */,
				AF1878D214ECD4350033A7C3 /* UIKit.framework in Frameworks */,
				AF1878D414ECD4350033A7C3 /* Foundation.framework in Frameworks */,
				AF1878D614ECD4350033A7C3 /* CoreGraphics.framework in Frameworks */,
			);
			runOnlyForDeploymentPostprocessing = 0;
		};
		AF1878EA14ECD4350033A7C3 /* Frameworks */ = {
			isa = PBXFrameworksBuildPhase;
			buildActionMask = 2147483647;
			files = (
				AF1878F014ECD4350033A7C3 /* SenTestingKit.framework in Frameworks */,
				AF1878F114ECD4350033A7C3 /* UIKit.framework in Frameworks */,
				AF1878F214ECD4350033A7C3 /* Foundation.framework in Frameworks */,
			);
			runOnlyForDeploymentPostprocessing = 0;
		};
/* End PBXFrameworksBuildPhase section */

/* Begin PBXGroup section */
		AF1878C214ECD4350033A7C3 = {
			isa = PBXGroup;
			children = (
				AF643A96153BAC620041B7D1 /* libOCMock.a */,
				AF643A93153BAC350041B7D1 /* OCHamcrestIOS.framework */,
				AF1878D714ECD4350033A7C3 /* Dialer */,
				AF1878F514ECD4350033A7C3 /* DialerTests */,
				AF1878D014ECD4350033A7C3 /* Frameworks */,
				AF1878CE14ECD4350033A7C3 /* Products */,
			);
			sourceTree = "<group>";
		};
		AF1878CE14ECD4350033A7C3 /* Products */ = {
			isa = PBXGroup;
			children = (
				AF1878CD14ECD4350033A7C3 /* Dialer.app */,
				AF1878EE14ECD4350033A7C3 /* DialerTests.octest */,
			);
			name = Products;
			sourceTree = "<group>";
		};
		AF1878D014ECD4350033A7C3 /* Frameworks */ = {
			isa = PBXGroup;
			children = (
				AF5A0BED1519A04400A6B3A9 /* Security.framework */,
				AF18792114ECE8AB0033A7C3 /* AddressBook.framework */,
				AF1878D114ECD4350033A7C3 /* UIKit.framework */,
				AF1878D314ECD4350033A7C3 /* Foundation.framework */,
				AF1878D514ECD4350033A7C3 /* CoreGraphics.framework */,
				AF1878EF14ECD4350033A7C3 /* SenTestingKit.framework */,
			);
			name = Frameworks;
			sourceTree = "<group>";
		};
		AF1878D714ECD4350033A7C3 /* Dialer */ = {
			isa = PBXGroup;
			children = (
				AF472EE1151EAA920058E7A5 /* Communication */,
				AF5A0BF71519B4C400A6B3A9 /* Security */,
				AF8D29C214EEDD56006FF1C9 /* Containers */,
				AF8D29C114EEDD2A006FF1C9 /* Delegates */,
				AF8D29B414EE59D6006FF1C9 /* images */,
				AF1878E014ECD4350033A7C3 /* AppDelegate.h */,
				AF1878E114ECD4350033A7C3 /* AppDelegate.m */,
				AF18790614ECD4EE0033A7C3 /* ContactsViewController.h */,
				AF18790714ECD4EE0033A7C3 /* ContactsViewController.m */,
				AF8D29AF14EE574A006FF1C9 /* PersonViewController.h */,
				AF8D29B014EE574A006FF1C9 /* PersonViewController.m */,
				AF8D29A714EE4E71006FF1C9 /* ToggleImageControl.h */,
				AF8D29A814EE4E71006FF1C9 /* ToggleImageControl.m */,
				AF5A0B911516B48000A6B3A9 /* Constants.h */,
				AF5A0B921516B48000A6B3A9 /* Constants.m */,
				AF1878D814ECD4350033A7C3 /* Supporting Files */,
			);
			path = Dialer;
			sourceTree = "<group>";
		};
		AF1878D814ECD4350033A7C3 /* Supporting Files */ = {
			isa = PBXGroup;
			children = (
				AF1878D914ECD4350033A7C3 /* Dialer-Info.plist */,
				AF1878DA14ECD4350033A7C3 /* InfoPlist.strings */,
				AF1878DD14ECD4350033A7C3 /* main.m */,
				AF1878DF14ECD4350033A7C3 /* Dialer-Prefix.pch */,
			);
			name = "Supporting Files";
			sourceTree = "<group>";
		};
		AF1878F514ECD4350033A7C3 /* DialerTests */ = {
			isa = PBXGroup;
			children = (
				AF1878FB14ECD4350033A7C3 /* DialerTests.h */,
				AF1878FC14ECD4350033A7C3 /* DialerTests.m */,
				AF1878F614ECD4350033A7C3 /* Supporting Files */,
			);
			path = DialerTests;
			sourceTree = "<group>";
		};
		AF1878F614ECD4350033A7C3 /* Supporting Files */ = {
			isa = PBXGroup;
			children = (
				AF1878F714ECD4350033A7C3 /* DialerTests-Info.plist */,
				AF1878F814ECD4350033A7C3 /* InfoPlist.strings */,
			);
			name = "Supporting Files";
			sourceTree = "<group>";
		};
		AF472EE1151EAA920058E7A5 /* Communication */ = {
			isa = PBXGroup;
			children = (
				AF472EE3151EAC980058E7A5 /* DialingViewController.h */,
				AF472EE4151EAC980058E7A5 /* DialingViewController.m */,
				AF7A5AD915328EEC000FBDDB /* DialContactDelegate.h */,
				AF7A5ADA15328EEC000FBDDB /* DialContactDelegate.m */,
			);
			name = Communication;
			sourceTree = "<group>";
		};
		AF5A0BF71519B4C400A6B3A9 /* Security */ = {
			isa = PBXGroup;
			children = (
				AF5A0BEF1519A43900A6B3A9 /* KeychainItemWrapper.h */,
				AF5A0BF01519A43900A6B3A9 /* KeychainItemWrapper.m */,
				AF5A0BF31519B15000A6B3A9 /* SecureData.h */,
				AF5A0BF41519B15000A6B3A9 /* SecureData.m */,
				AF5A0BF81519B52900A6B3A9 /* LoginInfoViewController.h */,
				AF5A0BF91519B52900A6B3A9 /* LoginInfoViewController.m */,
			);
			name = Security;
			sourceTree = "<group>";
		};
		AF8D29B414EE59D6006FF1C9 /* images */ = {
			isa = PBXGroup;
			children = (
				AF8D29B914EE5A33006FF1C9 /* WithCheckMark.png */,
				AF8D29B514EE59E7006FF1C9 /* box.png */,
			);
			name = images;
			sourceTree = "<group>";
		};
		AF8D29C114EEDD2A006FF1C9 /* Delegates */ = {
			isa = PBXGroup;
			children = (
				AF2EC0CC14EE2CC700E21302 /* CallButtonDelegate.h */,
				AF2EC0CD14EE2CC700E21302 /* CallButtonDelegate.m */,
				AF8D29BE14EEDD17006FF1C9 /* FavoritesListDelegate.h */,
				AF8D29BF14EEDD17006FF1C9 /* FavoritesListDelegate.m */,
				AF8D29BB14EED78C006FF1C9 /* ToggleDelegate.h */,
				AF8D29BC14EED78C006FF1C9 /* ToggleDelegate.m */,
			);
			name = Delegates;
			sourceTree = "<group>";
		};
		AF8D29C214EEDD56006FF1C9 /* Containers */ = {
			isa = PBXGroup;
			children = (
				AF8D29AB14EE5749006FF1C9 /* AddressBookContainer.h */,
				AF8D29AC14EE574A006FF1C9 /* AddressBookContainer.m */,
				AF8D29AD14EE574A006FF1C9 /* ContactListContainer.h */,
				AF8D29AE14EE574A006FF1C9 /* ContactListContainer.m */,
				AF2EC0C514EE180D00E21302 /* PersonContainer.h */,
				AF2EC0C614EE180D00E21302 /* PersonContainer.m */,
			);
			name = Containers;
			sourceTree = "<group>";
		};
/* End PBXGroup section */

/* Begin PBXNativeTarget section */
		AF1878CC14ECD4350033A7C3 /* Dialer */ = {
			isa = PBXNativeTarget;
			buildConfigurationList = AF18790014ECD4350033A7C3 /* Build configuration list for PBXNativeTarget "Dialer" */;
			buildPhases = (
				AF1878C914ECD4350033A7C3 /* Sources */,
				AF1878CA14ECD4350033A7C3 /* Frameworks */,
				AF1878CB14ECD4350033A7C3 /* Resources */,
			);
			buildRules = (
			);
			dependencies = (
			);
			name = Dialer;
			productName = Dialer;
			productReference = AF1878CD14ECD4350033A7C3 /* Dialer.app */;
			productType = "com.apple.product-type.application";
		};
		AF1878ED14ECD4350033A7C3 /* DialerTests */ = {
			isa = PBXNativeTarget;
			buildConfigurationList = AF18790314ECD4350033A7C3 /* Build configuration list for PBXNativeTarget "DialerTests" */;
			buildPhases = (
				AF1878E914ECD4350033A7C3 /* Sources */,
				AF1878EA14ECD4350033A7C3 /* Frameworks */,
				AF1878EB14ECD4350033A7C3 /* Resources */,
				AF1878EC14ECD4350033A7C3 /* ShellScript */,
			);
			buildRules = (
			);
			dependencies = (
				AF1878F414ECD4350033A7C3 /* PBXTargetDependency */,
			);
			name = DialerTests;
			productName = DialerTests;
			productReference = AF1878EE14ECD4350033A7C3 /* DialerTests.octest */;
			productType = "com.apple.product-type.bundle";
		};
/* End PBXNativeTarget section */

/* Begin PBXProject section */
		AF1878C414ECD4350033A7C3 /* Project object */ = {
			isa = PBXProject;
			attributes = {
				LastUpgradeCheck = 0430;
				ORGANIZATIONNAME = "CodeSpan Technologies";
			};
			buildConfigurationList = AF1878C714ECD4350033A7C3 /* Build configuration list for PBXProject "Dialer" */;
			compatibilityVersion = "Xcode 3.2";
			developmentRegion = English;
			hasScannedForEncodings = 0;
			knownRegions = (
				en,
			);
			mainGroup = AF1878C214ECD4350033A7C3;
			productRefGroup = AF1878CE14ECD4350033A7C3 /* Products */;
			projectDirPath = "";
			projectRoot = "";
			targets = (
				AF1878CC14ECD4350033A7C3 /* Dialer */,
				AF1878ED14ECD4350033A7C3 /* DialerTests */,
			);
		};
/* End PBXProject section */

/* Begin PBXResourcesBuildPhase section */
		AF1878CB14ECD4350033A7C3 /* Resources */ = {
			isa = PBXResourcesBuildPhase;
			buildActionMask = 2147483647;
			files = (
				AF1878DC14ECD4350033A7C3 /* InfoPlist.strings in Resources */,
				AF8D29B714EE59E7006FF1C9 /* box.png in Resources */,
				AF8D29BA14EE5A33006FF1C9 /* WithCheckMark.png in Resources */,
			);
			runOnlyForDeploymentPostprocessing = 0;
		};
		AF1878EB14ECD4350033A7C3 /* Resources */ = {
			isa = PBXResourcesBuildPhase;
			buildActionMask = 2147483647;
			files = (
				AF1878FA14ECD4350033A7C3 /* InfoPlist.strings in Resources */,
			);
			runOnlyForDeploymentPostprocessing = 0;
		};
/* End PBXResourcesBuildPhase section */

/* Begin PBXShellScriptBuildPhase section */
		AF1878EC14ECD4350033A7C3 /* ShellScript */ = {
			isa = PBXShellScriptBuildPhase;
			buildActionMask = 2147483647;
			files = (
			);
			inputPaths = (
			);
			outputPaths = (
			);
			runOnlyForDeploymentPostprocessing = 0;
			shellPath = /bin/sh;
			shellScript = "# Run the unit tests in this test bundle.\n\"${SYSTEM_DEVELOPER_DIR}/Tools/RunUnitTests\"\n";
		};
/* End PBXShellScriptBuildPhase section */

/* Begin PBXSourcesBuildPhase section */
		AF1878C914ECD4350033A7C3 /* Sources */ = {
			isa = PBXSourcesBuildPhase;
			buildActionMask = 2147483647;
			files = (
				AF1878DE14ECD4350033A7C3 /* main.m in Sources */,
				AF1878E214ECD4350033A7C3 /* AppDelegate.m in Sources */,
				AF18790914ECD4EE0033A7C3 /* ContactsViewController.m in Sources */,
				AF2EC0C714EE180D00E21302 /* PersonContainer.m in Sources */,
				AF2EC0CE14EE2CC800E21302 /* CallButtonDelegate.m in Sources */,
				AF8D29A914EE4E71006FF1C9 /* ToggleImageControl.m in Sources */,
				AF8D29B114EE574A006FF1C9 /* AddressBookContainer.m in Sources */,
				AF8D29B214EE574A006FF1C9 /* ContactListContainer.m in Sources */,
				AF8D29B314EE574A006FF1C9 /* PersonViewController.m in Sources */,
				AF8D29BD14EED78C006FF1C9 /* ToggleDelegate.m in Sources */,
				AF8D29C014EEDD18006FF1C9 /* FavoritesListDelegate.m in Sources */,
				AF5A0B931516B48000A6B3A9 /* Constants.m in Sources */,
				AF5A0BF11519A43900A6B3A9 /* KeychainItemWrapper.m in Sources */,
				AF5A0BF51519B15100A6B3A9 /* SecureData.m in Sources */,
				AF5A0BFA1519B52900A6B3A9 /* LoginInfoViewController.m in Sources */,
				AF472EE5151EAC980058E7A5 /* DialingViewController.m in Sources */,
				AF7A5ADB15328EEC000FBDDB /* DialContactDelegate.m in Sources */,
			);
			runOnlyForDeploymentPostprocessing = 0;
		};
		AF1878E914ECD4350033A7C3 /* Sources */ = {
			isa = PBXSourcesBuildPhase;
			buildActionMask = 2147483647;
			files = (
				AF1878FD14ECD4350033A7C3 /* DialerTests.m in Sources */,
				AF5A0BF21519A43900A6B3A9 /* KeychainItemWrapper.m in Sources */,
				AF5A0BF61519B15100A6B3A9 /* SecureData.m in Sources */,
				AF5A0BFB1519B52900A6B3A9 /* LoginInfoViewController.m in Sources */,
				AF7A5ADC15328EEC000FBDDB /* DialContactDelegate.m in Sources */,
			);
			runOnlyForDeploymentPostprocessing = 0;
		};
/* End PBXSourcesBuildPhase section */

/* Begin PBXTargetDependency section */
		AF1878F414ECD4350033A7C3 /* PBXTargetDependency */ = {
			isa = PBXTargetDependency;
			target = AF1878CC14ECD4350033A7C3 /* Dialer */;
			targetProxy = AF1878F314ECD4350033A7C3 /* PBXContainerItemProxy */;
		};
/* End PBXTargetDependency section */

/* Begin PBXVariantGroup section */
		AF1878DA14ECD4350033A7C3 /* InfoPlist.strings */ = {
			isa = PBXVariantGroup;
			children = (
				AF1878DB14ECD4350033A7C3 /* en */,
			);
			name = InfoPlist.strings;
			sourceTree = "<group>";
		};
		AF1878F814ECD4350033A7C3 /* InfoPlist.strings */ = {
			isa = PBXVariantGroup;
			children = (
				AF1878F914ECD4350033A7C3 /* en */,
			);
			name = InfoPlist.strings;
			sourceTree = "<group>";
		};
/* End PBXVariantGroup section */

/* Begin XCBuildConfiguration section */
		AF1878FE14ECD4350033A7C3 /* Debug */ = {
			isa = XCBuildConfiguration;
			buildSettings = {
				ALWAYS_SEARCH_USER_PATHS = NO;
				ARCHS = "$(ARCHS_STANDARD_32_BIT)";
				"CODE_SIGN_IDENTITY[sdk=iphoneos*]" = "iPhone Developer";
				COPY_PHASE_STRIP = NO;
				GCC_C_LANGUAGE_STANDARD = gnu99;
				GCC_DYNAMIC_NO_PIC = NO;
				GCC_OPTIMIZATION_LEVEL = 0;
				GCC_PREPROCESSOR_DEFINITIONS = (
					"DEBUG=1",
					"$(inherited)",
				);
				GCC_SYMBOLS_PRIVATE_EXTERN = NO;
				GCC_VERSION = com.apple.compilers.llvm.clang.1_0;
				GCC_WARN_ABOUT_MISSING_PROTOTYPES = YES;
				GCC_WARN_ABOUT_RETURN_TYPE = YES;
				GCC_WARN_UNUSED_VARIABLE = YES;
				IPHONEOS_DEPLOYMENT_TARGET = 4.3;
				SDKROOT = iphoneos;
			};
			name = Debug;
		};
		AF1878FF14ECD4350033A7C3 /* Release */ = {
			isa = XCBuildConfiguration;
			buildSettings = {
				ALWAYS_SEARCH_USER_PATHS = NO;
				ARCHS = "$(ARCHS_STANDARD_32_BIT)";
				"CODE_SIGN_IDENTITY[sdk=iphoneos*]" = "iPhone Developer";
				COPY_PHASE_STRIP = YES;
				GCC_C_LANGUAGE_STANDARD = gnu99;
				GCC_VERSION = com.apple.compilers.llvm.clang.1_0;
				GCC_WARN_ABOUT_MISSING_PROTOTYPES = YES;
				GCC_WARN_ABOUT_RETURN_TYPE = YES;
				GCC_WARN_UNUSED_VARIABLE = YES;
				IPHONEOS_DEPLOYMENT_TARGET = 4.3;
				OTHER_CFLAGS = "-DNS_BLOCK_ASSERTIONS=1";
				SDKROOT = iphoneos;
				VALIDATE_PRODUCT = YES;
			};
			name = Release;
		};
		AF18790114ECD4350033A7C3 /* Debug */ = {
			isa = XCBuildConfiguration;
			buildSettings = {
				FRAMEWORK_SEARCH_PATHS = (
					"$(inherited)",
					"\"$(SRCROOT)/Frameworks\"",
				);
				GCC_PRECOMPILE_PREFIX_HEADER = YES;
				GCC_PREFIX_HEADER = "Dialer/Dialer-Prefix.pch";
				HEADER_SEARCH_PATHS = "\"$(SRCROOT)/usr/include\"/**";
				INFOPLIST_FILE = "Dialer/Dialer-Info.plist";
				LIBRARY_SEARCH_PATHS = (
					"$(inherited)",
					"\"$(SRCROOT)/usr/lib\"",
				);
				OTHER_LDFLAGS = (
					"-force_load",
					"\"$(SRCROOT)/usr/lib/libOCMock.a\"",
					"-ObjC",
					"-lstdc++",
					"-all_load",
				);
				PRODUCT_NAME = "$(TARGET_NAME)";
				WRAPPER_EXTENSION = app;
			};
			name = Debug;
		};
		AF18790214ECD4350033A7C3 /* Release */ = {
			isa = XCBuildConfiguration;
			buildSettings = {
				FRAMEWORK_SEARCH_PATHS = (
					"$(inherited)",
					"\"$(SRCROOT)/Frameworks\"",
				);
				GCC_PRECOMPILE_PREFIX_HEADER = YES;
				GCC_PREFIX_HEADER = "Dialer/Dialer-Prefix.pch";
				HEADER_SEARCH_PATHS = "\"$(SRCROOT)/usr/include\"/**";
				INFOPLIST_FILE = "Dialer/Dialer-Info.plist";
				LIBRARY_SEARCH_PATHS = (
					"$(inherited)",
					"\"$(SRCROOT)/usr/lib\"",
				);
				OTHER_LDFLAGS = (
					"-force_load",
					"\"$(SRCROOT)/usr/lib/libOCMock.a\"",
					"-ObjC",
					"-lstdc++",
					"-all_load",
				);
				PRODUCT_NAME = "$(TARGET_NAME)";
				WRAPPER_EXTENSION = app;
			};
			name = Release;
		};
		AF18790414ECD4350033A7C3 /* Debug */ = {
			isa = XCBuildConfiguration;
			buildSettings = {
				BUNDLE_LOADER = "$(BUILT_PRODUCTS_DIR)/Dialer.app/Dialer";
				FRAMEWORK_SEARCH_PATHS = (
					"$(SDKROOT)/Developer/Library/Frameworks",
					"$(DEVELOPER_LIBRARY_DIR)/Frameworks",
				);
				GCC_PRECOMPILE_PREFIX_HEADER = YES;
				GCC_PREFIX_HEADER = "Dialer/Dialer-Prefix.pch";
				INFOPLIST_FILE = "DialerTests/DialerTests-Info.plist";
				PRODUCT_NAME = "$(TARGET_NAME)";
				TEST_HOST = "$(BUNDLE_LOADER)";
				WRAPPER_EXTENSION = octest;
			};
			name = Debug;
		};
		AF18790514ECD4350033A7C3 /* Release */ = {
			isa = XCBuildConfiguration;
			buildSettings = {
				BUNDLE_LOADER = "$(BUILT_PRODUCTS_DIR)/Dialer.app/Dialer";
				FRAMEWORK_SEARCH_PATHS = (
					"$(SDKROOT)/Developer/Library/Frameworks",
					"$(DEVELOPER_LIBRARY_DIR)/Frameworks",
				);
				GCC_PRECOMPILE_PREFIX_HEADER = YES;
				GCC_PREFIX_HEADER = "Dialer/Dialer-Prefix.pch";
				INFOPLIST_FILE = "DialerTests/DialerTests-Info.plist";
				PRODUCT_NAME = "$(TARGET_NAME)";
				TEST_HOST = "$(BUNDLE_LOADER)";
				WRAPPER_EXTENSION = octest;
			};
			name = Release;
		};
/* End XCBuildConfiguration section */

/* Begin XCConfigurationList section */
		AF1878C714ECD4350033A7C3 /* Build configuration list for PBXProject "Dialer" */ = {
			isa = XCConfigurationList;
			buildConfigurations = (
				AF1878FE14ECD4350033A7C3 /* Debug */,
				AF1878FF14ECD4350033A7C3 /* Release */,
			);
			defaultConfigurationIsVisible = 0;
			defaultConfigurationName = Release;
		};
		AF18790014ECD4350033A7C3 /* Build configuration list for PBXNativeTarget "Dialer" */ = {
			isa = XCConfigurationList;
			buildConfigurations = (
				AF18790114ECD4350033A7C3 /* Debug */,
				AF18790214ECD4350033A7C3 /* Release */,
			);
			defaultConfigurationIsVisible = 0;
			defaultConfigurationName = Release;
		};
		AF18790314ECD4350033A7C3 /* Build configuration list for PBXNativeTarget "DialerTests" */ = {
			isa = XCConfigurationList;
			buildConfigurations = (
				AF18790414ECD4350033A7C3 /* Debug */,
				AF18790514ECD4350033A7C3 /* Release */,
			);
			defaultConfigurationIsVisible = 0;
			defaultConfigurationName = Release;
		};
/* End XCConfigurationList section */
	};
	rootObject = AF1878C414ECD4350033A7C3 /* Project object */;
}
